// !$*UTF8*$!
{
	archiveVersion = 1;
	classes = {
	};
	objectVersion = 56;
	objects = {

/* Begin PBXBuildFile section */
		010A093E2C8D7EDA00B4AF6C /* RandomImageApp.swift in Sources */ = {isa = PBXBuildFile; fileRef = 010A093D2C8D7EDA00B4AF6C /* RandomImageApp.swift */; };
		010A09402C8D7EDA00B4AF6C /* ContentView.swift in Sources */ = {isa = PBXBuildFile; fileRef = 010A093F2C8D7EDA00B4AF6C /* ContentView.swift */; };
		010A09422C8D7EDB00B4AF6C /* Assets.xcassets in Resources */ = {isa = PBXBuildFile; fileRef = 010A09412C8D7EDB00B4AF6C /* Assets.xcassets */; };
		010A09452C8D7EDB00B4AF6C /* Preview Assets.xcassets in Resources */ = {isa = PBXBuildFile; fileRef = 010A09442C8D7EDB00B4AF6C /* Preview Assets.xcassets */; };
		010A094C2C8D803400B4AF6C /* HorizontalSectionView.swift in Sources */ = {isa = PBXBuildFile; fileRef = 010A094B2C8D803400B4AF6C /* HorizontalSectionView.swift */; };
		010A094E2C8D805600B4AF6C /* PosterView.swift in Sources */ = {isa = PBXBuildFile; fileRef = 010A094D2C8D805600B4AF6C /* PosterView.swift */; };
		010A09502C8D8A5B00B4AF6C /* PosterDetailView.swift in Sources */ = {isa = PBXBuildFile; fileRef = 010A094F2C8D8A5B00B4AF6C /* PosterDetailView.swift */; };
		010A09522C8DC16500B4AF6C /* CategoryView.swift in Sources */ = {isa = PBXBuildFile; fileRef = 010A09512C8DC16500B4AF6C /* CategoryView.swift */; };
		010A09542C8DC4B500B4AF6C /* SearchDetailView.swift in Sources */ = {isa = PBXBuildFile; fileRef = 010A09532C8DC4B500B4AF6C /* SearchDetailView.swift */; };
/* End PBXBuildFile section */

/* Begin PBXFileReference section */
		010A093A2C8D7EDA00B4AF6C /* RandomImage.app */ = {isa = PBXFileReference; explicitFileType = wrapper.application; includeInIndex = 0; path = RandomImage.app; sourceTree = BUILT_PRODUCTS_DIR; };
		010A093D2C8D7EDA00B4AF6C /* RandomImageApp.swift */ = {isa = PBXFileReference; lastKnownFileType = sourcecode.swift; path = RandomImageApp.swift; sourceTree = "<group>"; };
		010A093F2C8D7EDA00B4AF6C /* ContentView.swift */ = {isa = PBXFileReference; lastKnownFileType = sourcecode.swift; path = ContentView.swift; sourceTree = "<group>"; };
		010A09412C8D7EDB00B4AF6C /* Assets.xcassets */ = {isa = PBXFileReference; lastKnownFileType = folder.assetcatalog; path = Assets.xcassets; sourceTree = "<group>"; };
		010A09442C8D7EDB00B4AF6C /* Preview Assets.xcassets */ = {isa = PBXFileReference; lastKnownFileType = folder.assetcatalog; path = "Preview Assets.xcassets"; sourceTree = "<group>"; };
		010A094B2C8D803400B4AF6C /* HorizontalSectionView.swift */ = {isa = PBXFileReference; lastKnownFileType = sourcecode.swift; path = HorizontalSectionView.swift; sourceTree = "<group>"; };
		010A094D2C8D805600B4AF6C /* PosterView.swift */ = {isa = PBXFileReference; lastKnownFileType = sourcecode.swift; path = PosterView.swift; sourceTree = "<group>"; };
		010A094F2C8D8A5B00B4AF6C /* PosterDetailView.swift */ = {isa = PBXFileReference; lastKnownFileType = sourcecode.swift; path = PosterDetailView.swift; sourceTree = "<group>"; };
		010A09512C8DC16500B4AF6C /* CategoryView.swift */ = {isa = PBXFileReference; lastKnownFileType = sourcecode.swift; path = CategoryView.swift; sourceTree = "<group>"; };
		010A09532C8DC4B500B4AF6C /* SearchDetailView.swift */ = {isa = PBXFileReference; lastKnownFileType = sourcecode.swift; path = SearchDetailView.swift; sourceTree = "<group>"; };
/* End PBXFileReference section */

/* Begin PBXFrameworksBuildPhase section */
		010A09372C8D7EDA00B4AF6C /* Frameworks */ = {
			isa = PBXFrameworksBuildPhase;
			buildActionMask = 2147483647;
			files = (
			);
			runOnlyForDeploymentPostprocessing = 0;
		};
/* End PBXFrameworksBuildPhase section */

/* Begin PBXGroup section */
		010A09312C8D7EDA00B4AF6C = {
			isa = PBXGroup;
			children = (
				010A093C2C8D7EDA00B4AF6C /* RandomImage */,
				010A093B2C8D7EDA00B4AF6C /* Products */,
			);
			sourceTree = "<group>";
		};
		010A093B2C8D7EDA00B4AF6C /* Products */ = {
			isa = PBXGroup;
			children = (
				010A093A2C8D7EDA00B4AF6C /* RandomImage.app */,
			);
			name = Products;
			sourceTree = "<group>";
		};
		010A093C2C8D7EDA00B4AF6C /* RandomImage */ = {
			isa = PBXGroup;
			children = (
				010A093D2C8D7EDA00B4AF6C /* RandomImageApp.swift */,
				010A093F2C8D7EDA00B4AF6C /* ContentView.swift */,
				010A094B2C8D803400B4AF6C /* HorizontalSectionView.swift */,
				010A094D2C8D805600B4AF6C /* PosterView.swift */,
				010A094F2C8D8A5B00B4AF6C /* PosterDetailView.swift */,
				010A09552C8DC4B900B4AF6C /* Category */,
				010A09412C8D7EDB00B4AF6C /* Assets.xcassets */,
				010A09432C8D7EDB00B4AF6C /* Preview Content */,
			);
			path = RandomImage;
			sourceTree = "<group>";
		};
		010A09432C8D7EDB00B4AF6C /* Preview Content */ = {
			isa = PBXGroup;
			children = (
				010A09442C8D7EDB00B4AF6C /* Preview Assets.xcassets */,
			);
			path = "Preview Content";
			sourceTree = "<group>";
		};
		010A09552C8DC4B900B4AF6C /* Category */ = {
			isa = PBXGroup;
			children = (
				010A09512C8DC16500B4AF6C /* CategoryView.swift */,
				010A09532C8DC4B500B4AF6C /* SearchDetailView.swift */,
			);
			path = Category;
			sourceTree = "<group>";
		};
/* End PBXGroup section */

/* Begin PBXNativeTarget section */
		010A09392C8D7EDA00B4AF6C /* RandomImage */ = {
			isa = PBXNativeTarget;
			buildConfigurationList = 010A09482C8D7EDB00B4AF6C /* Build configuration list for PBXNativeTarget "RandomImage" */;
			buildPhases = (
				010A09362C8D7EDA00B4AF6C /* Sources */,
				010A09372C8D7EDA00B4AF6C /* Frameworks */,
				010A09382C8D7EDA00B4AF6C /* Resources */,
			);
			buildRules = (
			);
			dependencies = (
			);
			name = RandomImage;
			productName = RandomImage;
			productReference = 010A093A2C8D7EDA00B4AF6C /* RandomImage.app */;
			productType = "com.apple.product-type.application";
		};
/* End PBXNativeTarget section */

/* Begin PBXProject section */
		010A09322C8D7EDA00B4AF6C /* Project object */ = {
			isa = PBXProject;
			attributes = {
				BuildIndependentTargetsInParallel = 1;
				LastSwiftUpdateCheck = 1530;
				LastUpgradeCheck = 1530;
				TargetAttributes = {
					010A09392C8D7EDA00B4AF6C = {
						CreatedOnToolsVersion = 15.3;
					};
				};
			};
			buildConfigurationList = 010A09352C8D7EDA00B4AF6C /* Build configuration list for PBXProject "RandomImage" */;
			compatibilityVersion = "Xcode 14.0";
			developmentRegion = en;
			hasScannedForEncodings = 0;
			knownRegions = (
				en,
				Base,
			);
			mainGroup = 010A09312C8D7EDA00B4AF6C;
			productRefGroup = 010A093B2C8D7EDA00B4AF6C /* Products */;
			projectDirPath = "";
			projectRoot = "";
			targets = (
				010A09392C8D7EDA00B4AF6C /* RandomImage */,
			);
		};
/* End PBXProject section */

/* Begin PBXResourcesBuildPhase section */
		010A09382C8D7EDA00B4AF6C /* Resources */ = {
			isa = PBXResourcesBuildPhase;
			buildActionMask = 2147483647;
			files = (
				010A09452C8D7EDB00B4AF6C /* Preview Assets.xcassets in Resources */,
				010A09422C8D7EDB00B4AF6C /* Assets.xcassets in Resources */,
			);
			runOnlyForDeploymentPostprocessing = 0;
		};
/* End PBXResourcesBuildPhase section */

/* Begin PBXSourcesBuildPhase section */
		010A09362C8D7EDA00B4AF6C /* Sources */ = {
			isa = PBXSourcesBuildPhase;
			buildActionMask = 2147483647;
			files = (
				010A09402C8D7EDA00B4AF6C /* ContentView.swift in Sources */,
				010A09542C8DC4B500B4AF6C /* SearchDetailView.swift in Sources */,
				010A09502C8D8A5B00B4AF6C /* PosterDetailView.swift in Sources */,
				010A09522C8DC16500B4AF6C /* CategoryView.swift in Sources */,
				010A093E2C8D7EDA00B4AF6C /* RandomImageApp.swift in Sources */,
				010A094C2C8D803400B4AF6C /* HorizontalSectionView.swift in Sources */,
				010A094E2C8D805600B4AF6C /* PosterView.swift in Sources */,
			);
			runOnlyForDeploymentPostprocessing = 0;
		};
/* End PBXSourcesBuildPhase section */

/* Begin XCBuildConfiguration section */
		010A09462C8D7EDB00B4AF6C /* Debug */ = {
			isa = XCBuildConfiguration;
			buildSettings = {
				ALWAYS_SEARCH_USER_PATHS = NO;
				ASSETCATALOG_COMPILER_GENERATE_SWIFT_ASSET_SYMBOL_EXTENSIONS = YES;
				CLANG_ANALYZER_NONNULL = YES;
				CLANG_ANALYZER_NUMBER_OBJECT_CONVERSION = YES_AGGRESSIVE;
				CLANG_CXX_LANGUAGE_STANDARD = "gnu++20";
				CLANG_ENABLE_MODULES = YES;
				CLANG_ENABLE_OBJC_ARC = YES;
				CLANG_ENABLE_OBJC_WEAK = YES;
				CLANG_WARN_BLOCK_CAPTURE_AUTORELEASING = YES;
				CLANG_WARN_BOOL_CONVERSION = YES;
				CLANG_WARN_COMMA = YES;
				CLANG_WARN_CONSTANT_CONVERSION = YES;
				CLANG_WARN_DEPRECATED_OBJC_IMPLEMENTATIONS = YES;
				CLANG_WARN_DIRECT_OBJC_ISA_USAGE = YES_ERROR;
				CLANG_WARN_DOCUMENTATION_COMMENTS = YES;
				CLANG_WARN_EMPTY_BODY = YES;
				CLANG_WARN_ENUM_CONVERSION = YES;
				CLANG_WARN_INFINITE_RECURSION = YES;
				CLANG_WARN_INT_CONVERSION = YES;
				CLANG_WARN_NON_LITERAL_NULL_CONVERSION = YES;
				CLANG_WARN_OBJC_IMPLICIT_RETAIN_SELF = YES;
				CLANG_WARN_OBJC_LITERAL_CONVERSION = YES;
				CLANG_WARN_OBJC_ROOT_CLASS = YES_ERROR;
				CLANG_WARN_QUOTED_INCLUDE_IN_FRAMEWORK_HEADER = YES;
				CLANG_WARN_RANGE_LOOP_ANALYSIS = YES;
				CLANG_WARN_STRICT_PROTOTYPES = YES;
				CLANG_WARN_SUSPICIOUS_MOVE = YES;
				CLANG_WARN_UNGUARDED_AVAILABILITY = YES_AGGRESSIVE;
				CLANG_WARN_UNREACHABLE_CODE = YES;
				CLANG_WARN__DUPLICATE_METHOD_MATCH = YES;
				COPY_PHASE_STRIP = NO;
				DEBUG_INFORMATION_FORMAT = dwarf;
				ENABLE_STRICT_OBJC_MSGSEND = YES;
				ENABLE_TESTABILITY = YES;
				ENABLE_USER_SCRIPT_SANDBOXING = YES;
				GCC_C_LANGUAGE_STANDARD = gnu17;
				GCC_DYNAMIC_NO_PIC = NO;
				GCC_NO_COMMON_BLOCKS = YES;
				GCC_OPTIMIZATION_LEVEL = 0;
				GCC_PREPROCESSOR_DEFINITIONS = (
					"DEBUG=1",
					"$(inherited)",
				);
				GCC_WARN_64_TO_32_BIT_CONVERSION = YES;
				GCC_WARN_ABOUT_RETURN_TYPE = YES_ERROR;
				GCC_WARN_UNDECLARED_SELECTOR = YES;
				GCC_WARN_UNINITIALIZED_AUTOS = YES_AGGRESSIVE;
				GCC_WARN_UNUSED_FUNCTION = YES;
				GCC_WARN_UNUSED_VARIABLE = YES;
				IPHONEOS_DEPLOYMENT_TARGET = 17.4;
				LOCALIZATION_PREFERS_STRING_CATALOGS = YES;
				MTL_ENABLE_DEBUG_INFO = INCLUDE_SOURCE;
				MTL_FAST_MATH = YES;
				ONLY_ACTIVE_ARCH = YES;
				SDKROOT = iphoneos;
				SWIFT_ACTIVE_COMPILATION_CONDITIONS = "DEBUG $(inherited)";
				SWIFT_OPTIMIZATION_LEVEL = "-Onone";
			};
			name = Debug;
		};
		010A09472C8D7EDB00B4AF6C /* Release */ = {
			isa = XCBuildConfiguration;
			buildSettings = {
				ALWAYS_SEARCH_USER_PATHS = NO;
				ASSETCATALOG_COMPILER_GENERATE_SWIFT_ASSET_SYMBOL_EXTENSIONS = YES;
				CLANG_ANALYZER_NONNULL = YES;
				CLANG_ANALYZER_NUMBER_OBJECT_CONVERSION = YES_AGGRESSIVE;
				CLANG_CXX_LANGUAGE_STANDARD = "gnu++20";
				CLANG_ENABLE_MODULES = YES;
				CLANG_ENABLE_OBJC_ARC = YES;
				CLANG_ENABLE_OBJC_WEAK = YES;
				CLANG_WARN_BLOCK_CAPTURE_AUTORELEASING = YES;
				CLANG_WARN_BOOL_CONVERSION = YES;
				CLANG_WARN_COMMA = YES;
				CLANG_WARN_CONSTANT_CONVERSION = YES;
				CLANG_WARN_DEPRECATED_OBJC_IMPLEMENTATIONS = YES;
				CLANG_WARN_DIRECT_OBJC_ISA_USAGE = YES_ERROR;
				CLANG_WARN_DOCUMENTATION_COMMENTS = YES;
				CLANG_WARN_EMPTY_BODY = YES;
				CLANG_WARN_ENUM_CONVERSION = YES;
				CLANG_WARN_INFINITE_RECURSION = YES;
				CLANG_WARN_INT_CONVERSION = YES;
				CLANG_WARN_NON_LITERAL_NULL_CONVERSION = YES;
				CLANG_WARN_OBJC_IMPLICIT_RETAIN_SELF = YES;
				CLANG_WARN_OBJC_LITERAL_CONVERSION = YES;
				CLANG_WARN_OBJC_ROOT_CLASS = YES_ERROR;
				CLANG_WARN_QUOTED_INCLUDE_IN_FRAMEWORK_HEADER = YES;
				CLANG_WARN_RANGE_LOOP_ANALYSIS = YES;
				CLANG_WARN_STRICT_PROTOTYPES = YES;
				CLANG_WARN_SUSPICIOUS_MOVE = YES;
				CLANG_WARN_UNGUARDED_AVAILABILITY = YES_AGGRESSIVE;
				CLANG_WARN_UNREACHABLE_CODE = YES;
				CLANG_WARN__DUPLICATE_METHOD_MATCH = YES;
				COPY_PHASE_STRIP = NO;
				DEBUG_INFORMATION_FORMAT = "dwarf-with-dsym";
				ENABLE_NS_ASSERTIONS = NO;
				ENABLE_STRICT_OBJC_MSGSEND = YES;
				ENABLE_USER_SCRIPT_SANDBOXING = YES;
				GCC_C_LANGUAGE_STANDARD = gnu17;
				GCC_NO_COMMON_BLOCKS = YES;
				GCC_WARN_64_TO_32_BIT_CONVERSION = YES;
				GCC_WARN_ABOUT_RETURN_TYPE = YES_ERROR;
				GCC_WARN_UNDECLARED_SELECTOR = YES;
				GCC_WARN_UNINITIALIZED_AUTOS = YES_AGGRESSIVE;
				GCC_WARN_UNUSED_FUNCTION = YES;
				GCC_WARN_UNUSED_VARIABLE = YES;
				IPHONEOS_DEPLOYMENT_TARGET = 17.4;
				LOCALIZATION_PREFERS_STRING_CATALOGS = YES;
				MTL_ENABLE_DEBUG_INFO = NO;
				MTL_FAST_MATH = YES;
				SDKROOT = iphoneos;
				SWIFT_COMPILATION_MODE = wholemodule;
				VALIDATE_PRODUCT = YES;
			};
			name = Release;
		};
		010A09492C8D7EDB00B4AF6C /* Debug */ = {
			isa = XCBuildConfiguration;
			buildSettings = {
				ASSETCATALOG_COMPILER_APPICON_NAME = AppIcon;
				ASSETCATALOG_COMPILER_GLOBAL_ACCENT_COLOR_NAME = AccentColor;
				CODE_SIGN_STYLE = Automatic;
				CURRENT_PROJECT_VERSION = 1;
				DEVELOPMENT_ASSET_PATHS = "\"RandomImage/Preview Content\"";
				DEVELOPMENT_TEAM = 7S6PH8TVFD;
				ENABLE_PREVIEWS = YES;
				GENERATE_INFOPLIST_FILE = YES;
				INFOPLIST_KEY_UIApplicationSceneManifest_Generation = YES;
				INFOPLIST_KEY_UIApplicationSupportsIndirectInputEvents = YES;
				INFOPLIST_KEY_UILaunchScreen_Generation = YES;
				INFOPLIST_KEY_UISupportedInterfaceOrientations_iPad = "UIInterfaceOrientationPortrait UIInterfaceOrientationPortraitUpsideDown UIInterfaceOrientationLandscapeLeft UIInterfaceOrientationLandscapeRight";
				INFOPLIST_KEY_UISupportedInterfaceOrientations_iPhone = "UIInterfaceOrientationPortrait UIInterfaceOrientationLandscapeLeft UIInterfaceOrientationLandscapeRight";
				LD_RUNPATH_SEARCH_PATHS = (
					"$(inherited)",
					"@executable_path/Frameworks",
				);
				MARKETING_VERSION = 1.0;
				PRODUCT_BUNDLE_IDENTIFIER = com.seokho.RandomImage;
				PRODUCT_NAME = "$(TARGET_NAME)";
				SWIFT_EMIT_LOC_STRINGS = YES;
				SWIFT_VERSION = 5.0;
				TARGETED_DEVICE_FAMILY = "1,2";
			};
			name = Debug;
		};
		010A094A2C8D7EDB00B4AF6C /* Release */ = {
			isa = XCBuildConfiguration;
			buildSettings = {
				ASSETCATALOG_COMPILER_APPICON_NAME = AppIcon;
				ASSETCATALOG_COMPILER_GLOBAL_ACCENT_COLOR_NAME = AccentColor;
				CODE_SIGN_STYLE = Automatic;
				CURRENT_PROJECT_VERSION = 1;
				DEVELOPMENT_ASSET_PATHS = "\"RandomImage/Preview Content\"";
				DEVELOPMENT_TEAM = 7S6PH8TVFD;
				ENABLE_PREVIEWS = YES;
				GENERATE_INFOPLIST_FILE = YES;
				INFOPLIST_KEY_UIApplicationSceneManifest_Generation = YES;
				INFOPLIST_KEY_UIApplicationSupportsIndirectInputEvents = YES;
				INFOPLIST_KEY_UILaunchScreen_Generation = YES;
				INFOPLIST_KEY_UISupportedInterfaceOrientations_iPad = "UIInterfaceOrientationPortrait UIInterfaceOrientationPortraitUpsideDown UIInterfaceOrientationLandscapeLeft UIInterfaceOrientationLandscapeRight";
				INFOPLIST_KEY_UISupportedInterfaceOrientations_iPhone = "UIInterfaceOrientationPortrait UIInterfaceOrientationLandscapeLeft UIInterfaceOrientationLandscapeRight";
				LD_RUNPATH_SEARCH_PATHS = (
					"$(inherited)",
					"@executable_path/Frameworks",
				);
				MARKETING_VERSION = 1.0;
				PRODUCT_BUNDLE_IDENTIFIER = com.seokho.RandomImage;
				PRODUCT_NAME = "$(TARGET_NAME)";
				SWIFT_EMIT_LOC_STRINGS = YES;
				SWIFT_VERSION = 5.0;
				TARGETED_DEVICE_FAMILY = "1,2";
			};
			name = Release;
		};
/* End XCBuildConfiguration section */

/* Begin XCConfigurationList section */
		010A09352C8D7EDA00B4AF6C /* Build configuration list for PBXProject "RandomImage" */ = {
			isa = XCConfigurationList;
			buildConfigurations = (
				010A09462C8D7EDB00B4AF6C /* Debug */,
				010A09472C8D7EDB00B4AF6C /* Release */,
			);
			defaultConfigurationIsVisible = 0;
			defaultConfigurationName = Release;
		};
		010A09482C8D7EDB00B4AF6C /* Build configuration list for PBXNativeTarget "RandomImage" */ = {
			isa = XCConfigurationList;
			buildConfigurations = (
				010A09492C8D7EDB00B4AF6C /* Debug */,
				010A094A2C8D7EDB00B4AF6C /* Release */,
			);
			defaultConfigurationIsVisible = 0;
			defaultConfigurationName = Release;
		};
/* End XCConfigurationList section */
	};
	rootObject = 010A09322C8D7EDA00B4AF6C /* Project object */;
}
